
Microsoft Visual Studio Solution File, Format Version 12.00
# Visual Studio 2013
Project("{FAE04EC0-301F-11D3-BF4B-00C04F79EFBC}") = "WpfKuGou_Beta", "WpfKuGou_Beta\WpfKuGou_Beta.csproj", "{1fb1995f-6258-469b-8c31-30296faf3b02}"
EndProject
Global
	GlobalSection(SolutionConfigurationPlatforms) = preSolution
		Debug|Any CPU = Debug|Any CPU
		Release|Any CPU = Release|Any CPU
	EndGlobalSection
	GlobalSection(ProjectConfigurationPlatforms) = postSolution
		{1FB1995F-6258-469B-8C31-30296FAF3B02}.Debug|Any CPU.ActiveCfg = Debug|Any CPU
		{1FB1995F-6258-469B-8C31-30296FAF3B02}.Debug|Any CPU.Build.0 = Debug|Any CPU
		{1FB1995F-6258-469B-8C31-30296FAF3B02}.Release|Any CPU.ActiveCfg = Release|Any CPU
		{1FB1995F-6258-469B-8C31-30296FAF3B02}.Release|Any CPU.Build.0 = Release|Any CPU
	EndGlobalSection
EndGlobal
